// !$*UTF8*$!
{
	archiveVersion = 1;
	classes = {
	};
	objectVersion = 46;
	objects = {

/* Begin PBXBuildFile section */
		47E8595C1BCF5183006FEBF1 /* main.m in Sources */ = {isa = PBXBuildFile; fileRef = 47E8595B1BCF5183006FEBF1 /* main.m */; };
		47E8595F1BCF5183006FEBF1 /* AppDelegate.m in Sources */ = {isa = PBXBuildFile; fileRef = 47E8595E1BCF5183006FEBF1 /* AppDelegate.m */; };
		47E859621BCF5183006FEBF1 /* ViewController.m in Sources */ = {isa = PBXBuildFile; fileRef = 47E859611BCF5183006FEBF1 /* ViewController.m */; };
		47E859651BCF5183006FEBF1 /* Main.storyboard in Resources */ = {isa = PBXBuildFile; fileRef = 47E859631BCF5183006FEBF1 /* Main.storyboard */; };
		47E859671BCF5183006FEBF1 /* Assets.xcassets in Resources */ = {isa = PBXBuildFile; fileRef = 47E859661BCF5183006FEBF1 /* Assets.xcassets */; };
		47E8596A1BCF5183006FEBF1 /* LaunchScreen.storyboard in Resources */ = {isa = PBXBuildFile; fileRef = 47E859681BCF5183006FEBF1 /* LaunchScreen.storyboard */; };
		47E859751BCF5183006FEBF1 /* JiangZhiRefreshTests.m in Sources */ = {isa = PBXBuildFile; fileRef = 47E859741BCF5183006FEBF1 /* JiangZhiRefreshTests.m */; };
		47E859801BCF5183006FEBF1 /* JiangZhiRefreshUITests.m in Sources */ = {isa = PBXBuildFile; fileRef = 47E8597F1BCF5183006FEBF1 /* JiangZhiRefreshUITests.m */; };
/* End PBXBuildFile section */

/* Begin PBXContainerItemProxy section */
		47E859711BCF5183006FEBF1 /* PBXContainerItemProxy */ = {
			isa = PBXContainerItemProxy;
			containerPortal = 47E8594F1BCF5183006FEBF1 /* Project object */;
			proxyType = 1;
			remoteGlobalIDString = 47E859561BCF5183006FEBF1;
			remoteInfo = JiangZhiRefresh;
		};
		47E8597C1BCF5183006FEBF1 /* PBXContainerItemProxy */ = {
			isa = PBXContainerItemProxy;
			containerPortal = 47E8594F1BCF5183006FEBF1 /* Project object */;
			proxyType = 1;
			remoteGlobalIDString = 47E859561BCF5183006FEBF1;
			remoteInfo = JiangZhiRefresh;
		};
/* End PBXContainerItemProxy section */

/* Begin PBXFileReference section */
		47E859571BCF5183006FEBF1 /* JiangZhiRefresh.app */ = {isa = PBXFileReference; explicitFileType = wrapper.application; includeInIndex = 0; path = JiangZhiRefresh.app; sourceTree = BUILT_PRODUCTS_DIR; };
		47E8595B1BCF5183006FEBF1 /* main.m */ = {isa = PBXFileReference; lastKnownFileType = sourcecode.c.objc; path = main.m; sourceTree = "<group>"; };
		47E8595D1BCF5183006FEBF1 /* AppDelegate.h */ = {isa = PBXFileReference; lastKnownFileType = sourcecode.c.h; path = AppDelegate.h; sourceTree = "<group>"; };
		47E8595E1BCF5183006FEBF1 /* AppDelegate.m */ = {isa = PBXFileReference; lastKnownFileType = sourcecode.c.objc; path = AppDelegate.m; sourceTree = "<group>"; };
		47E859601BCF5183006FEBF1 /* ViewController.h */ = {isa = PBXFileReference; lastKnownFileType = sourcecode.c.h; path = ViewController.h; sourceTree = "<group>"; };
		47E859611BCF5183006FEBF1 /* ViewController.m */ = {isa = PBXFileReference; lastKnownFileType = sourcecode.c.objc; path = ViewController.m; sourceTree = "<group>"; };
		47E859641BCF5183006FEBF1 /* Base */ = {isa = PBXFileReference; lastKnownFileType = file.storyboard; name = Base; path = Base.lproj/Main.storyboard; sourceTree = "<group>"; };
		47E859661BCF5183006FEBF1 /* Assets.xcassets */ = {isa = PBXFileReference; lastKnownFileType = folder.assetcatalog; path = Assets.xcassets; sourceTree = "<group>"; };
		47E859691BCF5183006FEBF1 /* Base */ = {isa = PBXFileReference; lastKnownFileType = file.storyboard; name = Base; path = Base.lproj/LaunchScreen.storyboard; sourceTree = "<group>"; };
		47E8596B1BCF5183006FEBF1 /* Info.plist */ = {isa = PBXFileReference; lastKnownFileType = text.plist.xml; path = Info.plist; sourceTree = "<group>"; };
		47E859701BCF5183006FEBF1 /* JiangZhiRefreshTests.xctest */ = {isa = PBXFileReference; explicitFileType = wrapper.cfbundle; includeInIndex = 0; path = JiangZhiRefreshTests.xctest; sourceTree = BUILT_PRODUCTS_DIR; };
		47E859741BCF5183006FEBF1 /* JiangZhiRefreshTests.m */ = {isa = PBXFileReference; lastKnownFileType = sourcecode.c.objc; path = JiangZhiRefreshTests.m; sourceTree = "<group>"; };
		47E859761BCF5183006FEBF1 /* Info.plist */ = {isa = PBXFileReference; lastKnownFileType = text.plist.xml; path = Info.plist; sourceTree = "<group>"; };
		47E8597B1BCF5183006FEBF1 /* JiangZhiRefreshUITests.xctest */ = {isa = PBXFileReference; explicitFileType = wrapper.cfbundle; includeInIndex = 0; path = JiangZhiRefreshUITests.xctest; sourceTree = BUILT_PRODUCTS_DIR; };
		47E8597F1BCF5183006FEBF1 /* JiangZhiRefreshUITests.m */ = {isa = PBXFileReference; lastKnownFileType = sourcecode.c.objc; path = JiangZhiRefreshUITests.m; sourceTree = "<group>"; };
		47E859811BCF5183006FEBF1 /* Info.plist */ = {isa = PBXFileReference; lastKnownFileType = text.plist.xml; path = Info.plist; sourceTree = "<group>"; };
/* End PBXFileReference section */

/* Begin PBXFrameworksBuildPhase section */
		47E859541BCF5183006FEBF1 /* Frameworks */ = {
			isa = PBXFrameworksBuildPhase;
			buildActionMask = 2147483647;
			files = (
			);
			runOnlyForDeploymentPostprocessing = 0;
		};
		47E8596D1BCF5183006FEBF1 /* Frameworks */ = {
			isa = PBXFrameworksBuildPhase;
			buildActionMask = 2147483647;
			files = (
			);
			runOnlyForDeploymentPostprocessing = 0;
		};
		47E859781BCF5183006FEBF1 /* Frameworks */ = {
			isa = PBXFrameworksBuildPhase;
			buildActionMask = 2147483647;
			files = (
			);
			runOnlyForDeploymentPostprocessing = 0;
		};
/* End PBXFrameworksBuildPhase section */

/* Begin PBXGroup section */
		47E8594E1BCF5183006FEBF1 = {
			isa = PBXGroup;
			children = (
				47E859591BCF5183006FEBF1 /* JiangZhiRefresh */,
				47E859731BCF5183006FEBF1 /* JiangZhiRefreshTests */,
				47E8597E1BCF5183006FEBF1 /* JiangZhiRefreshUITests */,
				47E859581BCF5183006FEBF1 /* Products */,
			);
			sourceTree = "<group>";
		};
		47E859581BCF5183006FEBF1 /* Products */ = {
			isa = PBXGroup;
			children = (
				47E859571BCF5183006FEBF1 /* JiangZhiRefresh.app */,
				47E859701BCF5183006FEBF1 /* JiangZhiRefreshTests.xctest */,
				47E8597B1BCF5183006FEBF1 /* JiangZhiRefreshUITests.xctest */,
			);
			name = Products;
			sourceTree = "<group>";
		};
		47E859591BCF5183006FEBF1 /* JiangZhiRefresh */ = {
			isa = PBXGroup;
			children = (
				47E8595D1BCF5183006FEBF1 /* AppDelegate.h */,
				47E8595E1BCF5183006FEBF1 /* AppDelegate.m */,
				47E859601BCF5183006FEBF1 /* ViewController.h */,
				47E859611BCF5183006FEBF1 /* ViewController.m */,
				47E859631BCF5183006FEBF1 /* Main.storyboard */,
				47E859661BCF5183006FEBF1 /* Assets.xcassets */,
				47E859681BCF5183006FEBF1 /* LaunchScreen.storyboard */,
				47E8596B1BCF5183006FEBF1 /* Info.plist */,
				47E8595A1BCF5183006FEBF1 /* Supporting Files */,
			);
			path = JiangZhiRefresh;
			sourceTree = "<group>";
		};
		47E8595A1BCF5183006FEBF1 /* Supporting Files */ = {
			isa = PBXGroup;
			children = (
				47E8595B1BCF5183006FEBF1 /* main.m */,
			);
			name = "Supporting Files";
			sourceTree = "<group>";
		};
		47E859731BCF5183006FEBF1 /* JiangZhiRefreshTests */ = {
			isa = PBXGroup;
			children = (
				47E859741BCF5183006FEBF1 /* JiangZhiRefreshTests.m */,
				47E859761BCF5183006FEBF1 /* Info.plist */,
			);
			path = JiangZhiRefreshTests;
			sourceTree = "<group>";
		};
		47E8597E1BCF5183006FEBF1 /* JiangZhiRefreshUITests */ = {
			isa = PBXGroup;
			children = (
				47E8597F1BCF5183006FEBF1 /* JiangZhiRefreshUITests.m */,
				47E859811BCF5183006FEBF1 /* Info.plist */,
			);
			path = JiangZhiRefreshUITests;
			sourceTree = "<group>";
		};
/* End PBXGroup section */

/* Begin PBXNativeTarget section */
		47E859561BCF5183006FEBF1 /* JiangZhiRefresh */ = {
			isa = PBXNativeTarget;
			buildConfigurationList = 47E859841BCF5183006FEBF1 /* Build configuration list for PBXNativeTarget "JiangZhiRefresh" */;
			buildPhases = (
				47E859531BCF5183006FEBF1 /* Sources */,
				47E859541BCF5183006FEBF1 /* Frameworks */,
				47E859551BCF5183006FEBF1 /* Resources */,
			);
			buildRules = (
			);
			dependencies = (
			);
			name = JiangZhiRefresh;
			productName = JiangZhiRefresh;
			productReference = 47E859571BCF5183006FEBF1 /* JiangZhiRefresh.app */;
			productType = "com.apple.product-type.application";
		};
		47E8596F1BCF5183006FEBF1 /* JiangZhiRefreshTests */ = {
			isa = PBXNativeTarget;
			buildConfigurationList = 47E859871BCF5183006FEBF1 /* Build configuration list for PBXNativeTarget "JiangZhiRefreshTests" */;
			buildPhases = (
				47E8596C1BCF5183006FEBF1 /* Sources */,
				47E8596D1BCF5183006FEBF1 /* Frameworks */,
				47E8596E1BCF5183006FEBF1 /* Resources */,
			);
			buildRules = (
			);
			dependencies = (
				47E859721BCF5183006FEBF1 /* PBXTargetDependency */,
			);
			name = JiangZhiRefreshTests;
			productName = JiangZhiRefreshTests;
			productReference = 47E859701BCF5183006FEBF1 /* JiangZhiRefreshTests.xctest */;
			productType = "com.apple.product-type.bundle.unit-test";
		};
		47E8597A1BCF5183006FEBF1 /* JiangZhiRefreshUITests */ = {
			isa = PBXNativeTarget;
			buildConfigurationList = 47E8598A1BCF5183006FEBF1 /* Build configuration list for PBXNativeTarget "JiangZhiRefreshUITests" */;
			buildPhases = (
				47E859771BCF5183006FEBF1 /* Sources */,
				47E859781BCF5183006FEBF1 /* Frameworks */,
				47E859791BCF5183006FEBF1 /* Resources */,
			);
			buildRules = (
			);
			dependencies = (
				47E8597D1BCF5183006FEBF1 /* PBXTargetDependency */,
			);
			name = JiangZhiRefreshUITests;
			productName = JiangZhiRefreshUITests;
			productReference = 47E8597B1BCF5183006FEBF1 /* JiangZhiRefreshUITests.xctest */;
			productType = "com.apple.product-type.bundle.ui-testing";
		};
/* End PBXNativeTarget section */

/* Begin PBXProject section */
		47E8594F1BCF5183006FEBF1 /* Project object */ = {
			isa = PBXProject;
			attributes = {
				LastUpgradeCheck = 0700;
				ORGANIZATIONNAME = "Hu Zhiyuan";
				TargetAttributes = {
					47E859561BCF5183006FEBF1 = {
						CreatedOnToolsVersion = 7.0.1;
					};
					47E8596F1BCF5183006FEBF1 = {
						CreatedOnToolsVersion = 7.0.1;
						TestTargetID = 47E859561BCF5183006FEBF1;
					};
					47E8597A1BCF5183006FEBF1 = {
						CreatedOnToolsVersion = 7.0.1;
						TestTargetID = 47E859561BCF5183006FEBF1;
					};
				};
			};
			buildConfigurationList = 47E859521BCF5183006FEBF1 /* Build configuration list for PBXProject "JiangZhiRefresh" */;
			compatibilityVersion = "Xcode 3.2";
			developmentRegion = English;
			hasScannedForEncodings = 0;
			knownRegions = (
				en,
				Base,
			);
			mainGroup = 47E8594E1BCF5183006FEBF1;
			productRefGroup = 47E859581BCF5183006FEBF1 /* Products */;
			projectDirPath = "";
			projectRoot = "";
			targets = (
				47E859561BCF5183006FEBF1 /* JiangZhiRefresh */,
				47E8596F1BCF5183006FEBF1 /* JiangZhiRefreshTests */,
				47E8597A1BCF5183006FEBF1 /* JiangZhiRefreshUITests */,
			);
		};
/* End PBXProject section */

/* Begin PBXResourcesBuildPhase section */
		47E859551BCF5183006FEBF1 /* Resources */ = {
			isa = PBXResourcesBuildPhase;
			buildActionMask = 2147483647;
			files = (
				47E8596A1BCF5183006FEBF1 /* LaunchScreen.storyboard in Resources */,
				47E859671BCF5183006FEBF1 /* Assets.xcassets in Resources */,
				47E859651BCF5183006FEBF1 /* Main.storyboard in Resources */,
			);
			runOnlyForDeploymentPostprocessing = 0;
		};
		47E8596E1BCF5183006FEBF1 /* Resources */ = {
			isa = PBXResourcesBuildPhase;
			buildActionMask = 2147483647;
			files = (
			);
			runOnlyForDeploymentPostprocessing = 0;
		};
		47E859791BCF5183006FEBF1 /* Resources */ = {
			isa = PBXResourcesBuildPhase;
			buildActionMask = 2147483647;
			files = (
			);
			runOnlyForDeploymentPostprocessing = 0;
		};
/* End PBXResourcesBuildPhase section */

/* Begin PBXSourcesBuildPhase section */
		47E859531BCF5183006FEBF1 /* Sources */ = {
			isa = PBXSourcesBuildPhase;
			buildActionMask = 2147483647;
			files = (
				47E859621BCF5183006FEBF1 /* ViewController.m in Sources */,
				47E8595F1BCF5183006FEBF1 /* AppDelegate.m in Sources */,
				47E8595C1BCF5183006FEBF1 /* main.m in Sources */,
			);
			runOnlyForDeploymentPostprocessing = 0;
		};
		47E8596C1BCF5183006FEBF1 /* Sources */ = {
			isa = PBXSourcesBuildPhase;
			buildActionMask = 2147483647;
			files = (
				47E859751BCF5183006FEBF1 /* JiangZhiRefreshTests.m in Sources */,
			);
			runOnlyForDeploymentPostprocessing = 0;
		};
		47E859771BCF5183006FEBF1 /* Sources */ = {
			isa = PBXSourcesBuildPhase;
			buildActionMask = 2147483647;
			files = (
				47E859801BCF5183006FEBF1 /* JiangZhiRefreshUITests.m in Sources */,
			);
			runOnlyForDeploymentPostprocessing = 0;
		};
/* End PBXSourcesBuildPhase section */

/* Begin PBXTargetDependency section */
		47E859721BCF5183006FEBF1 /* PBXTargetDependency */ = {
			isa = PBXTargetDependency;
			target = 47E859561BCF5183006FEBF1 /* JiangZhiRefresh */;
			targetProxy = 47E859711BCF5183006FEBF1 /* PBXContainerItemProxy */;
		};
		47E8597D1BCF5183006FEBF1 /* PBXTargetDependency */ = {
			isa = PBXTargetDependency;
			target = 47E859561BCF5183006FEBF1 /* JiangZhiRefresh */;
			targetProxy = 47E8597C1BCF5183006FEBF1 /* PBXContainerItemProxy */;
		};
/* End PBXTargetDependency section */

/* Begin PBXVariantGroup section */
		47E859631BCF5183006FEBF1 /* Main.storyboard */ = {
			isa = PBXVariantGroup;
			children = (
				47E859641BCF5183006FEBF1 /* Base */,
			);
			name = Main.storyboard;
			sourceTree = "<group>";
		};
		47E859681BCF5183006FEBF1 /* LaunchScreen.storyboard */ = {
			isa = PBXVariantGroup;
			children = (
				47E859691BCF5183006FEBF1 /* Base */,
			);
			name = LaunchScreen.storyboard;
			sourceTree = "<group>";
		};
/* End PBXVariantGroup section */

/* Begin XCBuildConfiguration section */
		47E859821BCF5183006FEBF1 /* Debug */ = {
			isa = XCBuildConfiguration;
			buildSettings = {
				ALWAYS_SEARCH_USER_PATHS = NO;
				CLANG_CXX_LANGUAGE_STANDARD = "gnu++0x";
				CLANG_CXX_LIBRARY = "libc++";
				CLANG_ENABLE_MODULES = YES;
				CLANG_ENABLE_OBJC_ARC = YES;
				CLANG_WARN_BOOL_CONVERSION = YES;
				CLANG_WARN_CONSTANT_CONVERSION = YES;
				CLANG_WARN_DIRECT_OBJC_ISA_USAGE = YES_ERROR;
				CLANG_WARN_EMPTY_BODY = YES;
				CLANG_WARN_ENUM_CONVERSION = YES;
				CLANG_WARN_INT_CONVERSION = YES;
				CLANG_WARN_OBJC_ROOT_CLASS = YES_ERROR;
				CLANG_WARN_UNREACHABLE_CODE = YES;
				CLANG_WARN__DUPLICATE_METHOD_MATCH = YES;
				"CODE_SIGN_IDENTITY[sdk=iphoneos*]" = "iPhone Developer";
				COPY_PHASE_STRIP = NO;
				DEBUG_INFORMATION_FORMAT = dwarf;
				ENABLE_STRICT_OBJC_MSGSEND = YES;
				ENABLE_TESTABILITY = YES;
				GCC_C_LANGUAGE_STANDARD = gnu99;
				GCC_DYNAMIC_NO_PIC = NO;
				GCC_NO_COMMON_BLOCKS = YES;
				GCC_OPTIMIZATION_LEVEL = 0;
				GCC_PREPROCESSOR_DEFINITIONS = (
					"DEBUG=1",
					"$(inherited)",
				);
				GCC_WARN_64_TO_32_BIT_CONVERSION = YES;
				GCC_WARN_ABOUT_RETURN_TYPE = YES_ERROR;
				GCC_WARN_UNDECLARED_SELECTOR = YES;
				GCC_WARN_UNINITIALIZED_AUTOS = YES_AGGRESSIVE;
				GCC_WARN_UNUSED_FUNCTION = YES;
				GCC_WARN_UNUSED_VARIABLE = YES;
				IPHONEOS_DEPLOYMENT_TARGET = 9.0;
				MTL_ENABLE_DEBUG_INFO = YES;
				ONLY_ACTIVE_ARCH = YES;
				SDKROOT = iphoneos;
				TARGETED_DEVICE_FAMILY = "1,2";
			};
			name = Debug;
		};
		47E859831BCF5183006FEBF1 /* Release */ = {
			isa = XCBuildConfiguration;
			buildSettings = {
				ALWAYS_SEARCH_USER_PATHS = NO;
				CLANG_CXX_LANGUAGE_STANDARD = "gnu++0x";
				CLANG_CXX_LIBRARY = "libc++";
				CLANG_ENABLE_MODULES = YES;
				CLANG_ENABLE_OBJC_ARC = YES;
				CLANG_WARN_BOOL_CONVERSION = YES;
				CLANG_WARN_CONSTANT_CONVERSION = YES;
				CLANG_WARN_DIRECT_OBJC_ISA_USAGE = YES_ERROR;
				CLANG_WARN_EMPTY_BODY = YES;
				CLANG_WARN_ENUM_CONVERSION = YES;
				CLANG_WARN_INT_CONVERSION = YES;
				CLANG_WARN_OBJC_ROOT_CLASS = YES_ERROR;
				CLANG_WARN_UNREACHABLE_CODE = YES;
				CLANG_WARN__DUPLICATE_METHOD_MATCH = YES;
				"CODE_SIGN_IDENTITY[sdk=iphoneos*]" = "iPhone Developer";
				COPY_PHASE_STRIP = NO;
				DEBUG_INFORMATION_FORMAT = "dwarf-with-dsym";
				ENABLE_NS_ASSERTIONS = NO;
				ENABLE_STRICT_OBJC_MSGSEND = YES;
				GCC_C_LANGUAGE_STANDARD = gnu99;
				GCC_NO_COMMON_BLOCKS = YES;
				GCC_WARN_64_TO_32_BIT_CONVERSION = YES;
				GCC_WARN_ABOUT_RETURN_TYPE = YES_ERROR;
				GCC_WARN_UNDECLARED_SELECTOR = YES;
				GCC_WARN_UNINITIALIZED_AUTOS = YES_AGGRESSIVE;
				GCC_WARN_UNUSED_FUNCTION = YES;
				GCC_WARN_UNUSED_VARIABLE = YES;
				IPHONEOS_DEPLOYMENT_TARGET = 9.0;
				MTL_ENABLE_DEBUG_INFO = NO;
				SDKROOT = iphoneos;
				TARGETED_DEVICE_FAMILY = "1,2";
				VALIDATE_PRODUCT = YES;
			};
			name = Release;
		};
		47E859851BCF5183006FEBF1 /* Debug */ = {
			isa = XCBuildConfiguration;
			buildSettings = {
				ASSETCATALOG_COMPILER_APPICON_NAME = AppIcon;
				INFOPLIST_FILE = JiangZhiRefresh/Info.plist;
				LD_RUNPATH_SEARCH_PATHS = "$(inherited) @executable_path/Frameworks";
				PRODUCT_BUNDLE_IDENTIFIER = com.aixuetang.JiangZhiRefresh;
				PRODUCT_NAME = "$(TARGET_NAME)";
			};
			name = Debug;
		};
		47E859861BCF5183006FEBF1 /* Release */ = {
			isa = XCBuildConfiguration;
			buildSettings = {
				ASSETCATALOG_COMPILER_APPICON_NAME = AppIcon;
				INFOPLIST_FILE = JiangZhiRefresh/Info.plist;
				LD_RUNPATH_SEARCH_PATHS = "$(inherited) @executable_path/Frameworks";
				PRODUCT_BUNDLE_IDENTIFIER = com.aixuetang.JiangZhiRefresh;
				PRODUCT_NAME = "$(TARGET_NAME)";
			};
			name = Release;
		};
		47E859881BCF5183006FEBF1 /* Debug */ = {
			isa = XCBuildConfiguration;
			buildSettings = {
				BUNDLE_LOADER = "$(TEST_HOST)";
				INFOPLIST_FILE = JiangZhiRefreshTests/Info.plist;
				LD_RUNPATH_SEARCH_PATHS = "$(inherited) @executable_path/Frameworks @loader_path/Frameworks";
				PRODUCT_BUNDLE_IDENTIFIER = com.aixuetang.JiangZhiRefreshTests;
				PRODUCT_NAME = "$(TARGET_NAME)";
				TEST_HOST = "$(BUILT_PRODUCTS_DIR)/JiangZhiRefresh.app/JiangZhiRefresh";
			};
			name = Debug;
		};
		47E859891BCF5183006FEBF1 /* Release */ = {
			isa = XCBuildConfiguration;
			buildSettings = {
				BUNDLE_LOADER = "$(TEST_HOST)";
				INFOPLIST_FILE = JiangZhiRefreshTests/Info.plist;
				LD_RUNPATH_SEARCH_PATHS = "$(inherited) @executable_path/Frameworks @loader_path/Frameworks";
				PRODUCT_BUNDLE_IDENTIFIER = com.aixuetang.JiangZhiRefreshTests;
				PRODUCT_NAME = "$(TARGET_NAME)";
				TEST_HOST = "$(BUILT_PRODUCTS_DIR)/JiangZhiRefresh.app/JiangZhiRefresh";
			};
			name = Release;
		};
		47E8598B1BCF5183006FEBF1 /* Debug */ = {
			isa = XCBuildConfiguration;
			buildSettings = {
				INFOPLIST_FILE = JiangZhiRefreshUITests/Info.plist;
				LD_RUNPATH_SEARCH_PATHS = "$(inherited) @executable_path/Frameworks @loader_path/Frameworks";
				PRODUCT_BUNDLE_IDENTIFIER = com.aixuetang.JiangZhiRefreshUITests;
				PRODUCT_NAME = "$(TARGET_NAME)";
				TEST_TARGET_NAME = JiangZhiRefresh;
				USES_XCTRUNNER = YES;
			};
			name = Debug;
		};
		47E8598C1BCF5183006FEBF1 /* Release */ = {
			isa = XCBuildConfiguration;
			buildSettings = {
				INFOPLIST_FILE = JiangZhiRefreshUITests/Info.plist;
				LD_RUNPATH_SEARCH_PATHS = "$(inherited) @executable_path/Frameworks @loader_path/Frameworks";
				PRODUCT_BUNDLE_IDENTIFIER = com.aixuetang.JiangZhiRefreshUITests;
				PRODUCT_NAME = "$(TARGET_NAME)";
				TEST_TARGET_NAME = JiangZhiRefresh;
				USES_XCTRUNNER = YES;
			};
			name = Release;
		};
/* End XCBuildConfiguration section */

/* Begin XCConfigurationList section */
		47E859521BCF5183006FEBF1 /* Build configuration list for PBXProject "JiangZhiRefresh" */ = {
			isa = XCConfigurationList;
			buildConfigurations = (
				47E859821BCF5183006FEBF1 /* Debug */,
				47E859831BCF5183006FEBF1 /* Release */,
			);
			defaultConfigurationIsVisible = 0;
			defaultConfigurationName = Release;
		};
		47E859841BCF5183006FEBF1 /* Build configuration list for PBXNativeTarget "JiangZhiRefresh" */ = {
			isa = XCConfigurationList;
			buildConfigurations = (
				47E859851BCF5183006FEBF1 /* Debug */,
				47E859861BCF5183006FEBF1 /* Release */,
			);
			defaultConfigurationIsVisible = 0;
		};
		47E859871BCF5183006FEBF1 /* Build configuration list for PBXNativeTarget "JiangZhiRefreshTests" */ = {
			isa = XCConfigurationList;
			buildConfigurations = (
				47E859881BCF5183006FEBF1 /* Debug */,
				47E859891BCF5183006FEBF1 /* Release */,
			);
			defaultConfigurationIsVisible = 0;
		};
		47E8598A1BCF5183006FEBF1 /* Build configuration list for PBXNativeTarget "JiangZhiRefreshUITests" */ = {
			isa = XCConfigurationList;
			buildConfigurations = (
				47E8598B1BCF5183006FEBF1 /* Debug */,
				47E8598C1BCF5183006FEBF1 /* Release */,
			);
			defaultConfigurationIsVisible = 0;
		};
/* End XCConfigurationList section */
	};
	rootObject = 47E8594F1BCF5183006FEBF1 /* Project object */;
}
